
Microsoft Visual Studio Solution File, Format Version 12.00
# Visual Studio Version 17
VisualStudioVersion = 17.0.31903.59
MinimumVisualStudioVersion = 10.0.40219.1
Project("{FAE04EC0-301F-11D3-BF4B-00C04F79EFBC}") = "Send", "Send\Send.csproj", "{96CD4346-E425-4BD6-B297-8340A8B9E2EE}"
EndProject
Project("{FAE04EC0-301F-11D3-BF4B-00C04F79EFBC}") = "Receive", "Receive\Receive.csproj", "{2DDE9728-A8AA-4DE0-BF26-3F45158E03B9}"
EndProject
Global
	GlobalSection(SolutionConfigurationPlatforms) = preSolution
		Debug|Any CPU = Debug|Any CPU
		Release|Any CPU = Release|Any CPU
	EndGlobalSection
	GlobalSection(SolutionProperties) = preSolution
		HideSolutionNode = FALSE
	EndGlobalSection
	GlobalSection(ProjectConfigurationPlatforms) = postSolution
		{96CD4346-E425-4BD6-B297-8340A8B9E2EE}.Debug|Any CPU.ActiveCfg = Debug|Any CPU
		{96CD4346-E425-4BD6-B297-8340A8B9E2EE}.Debug|Any CPU.Build.0 = Debug|Any CPU
		{96CD4346-E425-4BD6-B297-8340A8B9E2EE}.Release|Any CPU.ActiveCfg = Release|Any CPU
		{96CD4346-E425-4BD6-B297-8340A8B9E2EE}.Release|Any CPU.Build.0 = Release|Any CPU
		{2DDE9728-A8AA-4DE0-BF26-3F45158E03B9}.Debug|Any CPU.ActiveCfg = Debug|Any CPU
		{2DDE9728-A8AA-4DE0-BF26-3F45158E03B9}.Debug|Any CPU.Build.0 = Debug|Any CPU
		{2DDE9728-A8AA-4DE0-BF26-3F45158E03B9}.Release|Any CPU.ActiveCfg = Release|Any CPU
		{2DDE9728-A8AA-4DE0-BF26-3F45158E03B9}.Release|Any CPU.Build.0 = Release|Any CPU
	EndGlobalSection
EndGlobal
